// !$*UTF8*$!
{
	archiveVersion = 1;
	classes = {
	};
	objectVersion = 56;
	objects = {

/* Begin PBXBuildFile section */
		1D763C412A14FF5400332027 /* LoginModule in Frameworks */ = {isa = PBXBuildFile; productRef = 1D763C402A14FF5400332027 /* LoginModule */; };
		1D763C432A14FFF000332027 /* Router.swift in Sources */ = {isa = PBXBuildFile; fileRef = 1D763C422A14FFF000332027 /* Router.swift */; };
		1D763C452A1500B000332027 /* CommonModule in Frameworks */ = {isa = PBXBuildFile; productRef = 1D763C442A1500B000332027 /* CommonModule */; };
		1DB9AE272A125B1600A38D90 /* AppDelegate.swift in Sources */ = {isa = PBXBuildFile; fileRef = 1DB9AE262A125B1600A38D90 /* AppDelegate.swift */; };
		1DB9AE302A125B1800A38D90 /* Assets.xcassets in Resources */ = {isa = PBXBuildFile; fileRef = 1DB9AE2F2A125B1800A38D90 /* Assets.xcassets */; };
		1DB9AE332A125B1800A38D90 /* LaunchScreen.storyboard in Resources */ = {isa = PBXBuildFile; fileRef = 1DB9AE312A125B1800A38D90 /* LaunchScreen.storyboard */; };
		1DB9AE452A125F5100A38D90 /* Swinject in Frameworks */ = {isa = PBXBuildFile; productRef = 1DB9AE442A125F5100A38D90 /* Swinject */; };
		1DB9AE4F2A126FB300A38D90 /* HomeModule in Frameworks */ = {isa = PBXBuildFile; productRef = 1DB9AE4E2A126FB300A38D90 /* HomeModule */; };
		1DE7FC532BCFD6CA008F0448 /* UtilityModule in Resources */ = {isa = PBXBuildFile; fileRef = 1DE7FC522BCFD6CA008F0448 /* UtilityModule */; };
/* End PBXBuildFile section */

/* Begin PBXFileReference section */
		1D763C3F2A14FB4F00332027 /* LoginModule */ = {isa = PBXFileReference; lastKnownFileType = wrapper; path = LoginModule; sourceTree = "<group>"; };
		1D763C422A14FFF000332027 /* Router.swift */ = {isa = PBXFileReference; fileEncoding = 4; lastKnownFileType = sourcecode.swift; path = Router.swift; sourceTree = "<group>"; };
		1DB9AE232A125B1600A38D90 /* Modular-Dependency.app */ = {isa = PBXFileReference; explicitFileType = wrapper.application; includeInIndex = 0; path = "Modular-Dependency.app"; sourceTree = BUILT_PRODUCTS_DIR; };
		1DB9AE262A125B1600A38D90 /* AppDelegate.swift */ = {isa = PBXFileReference; lastKnownFileType = sourcecode.swift; path = AppDelegate.swift; sourceTree = "<group>"; };
		1DB9AE2F2A125B1800A38D90 /* Assets.xcassets */ = {isa = PBXFileReference; lastKnownFileType = folder.assetcatalog; path = Assets.xcassets; sourceTree = "<group>"; };
		1DB9AE322A125B1800A38D90 /* Base */ = {isa = PBXFileReference; lastKnownFileType = file.storyboard; name = Base; path = Base.lproj/LaunchScreen.storyboard; sourceTree = "<group>"; };
		1DB9AE342A125B1800A38D90 /* Info.plist */ = {isa = PBXFileReference; lastKnownFileType = text.plist.xml; path = Info.plist; sourceTree = "<group>"; };
		1DB9AE472A125FBF00A38D90 /* CommonModule */ = {isa = PBXFileReference; lastKnownFileType = wrapper; path = CommonModule; sourceTree = "<group>"; };
		1DB9AE482A125FC300A38D90 /* HomeModule */ = {isa = PBXFileReference; lastKnownFileType = wrapper; path = HomeModule; sourceTree = "<group>"; };
		1DE7FC522BCFD6CA008F0448 /* UtilityModule */ = {isa = PBXFileReference; lastKnownFileType = wrapper; path = UtilityModule; sourceTree = "<group>"; };
/* End PBXFileReference section */

/* Begin PBXFrameworksBuildPhase section */
		1DB9AE202A125B1600A38D90 /* Frameworks */ = {
			isa = PBXFrameworksBuildPhase;
			buildActionMask = 2147483647;
			files = (
				1DB9AE452A125F5100A38D90 /* Swinject in Frameworks */,
				1D763C412A14FF5400332027 /* LoginModule in Frameworks */,
				1DB9AE4F2A126FB300A38D90 /* HomeModule in Frameworks */,
				1D763C452A1500B000332027 /* CommonModule in Frameworks */,
			);
			runOnlyForDeploymentPostprocessing = 0;
		};
/* End PBXFrameworksBuildPhase section */

/* Begin PBXGroup section */
		1DB9AE1A2A125B1600A38D90 = {
			isa = PBXGroup;
			children = (
				1DE7FC512BCFD6CA008F0448 /* Shared */,
				1DB9AE412A125EFA00A38D90 /* Modules */,
				1DB9AE252A125B1600A38D90 /* Modular-Dependency */,
				1DB9AE242A125B1600A38D90 /* Products */,
				1DB9AE4B2A12625B00A38D90 /* Frameworks */,
			);
			sourceTree = "<group>";
		};
		1DB9AE242A125B1600A38D90 /* Products */ = {
			isa = PBXGroup;
			children = (
				1DB9AE232A125B1600A38D90 /* Modular-Dependency.app */,
			);
			name = Products;
			sourceTree = "<group>";
		};
		1DB9AE252A125B1600A38D90 /* Modular-Dependency */ = {
			isa = PBXGroup;
			children = (
				1DB9AE262A125B1600A38D90 /* AppDelegate.swift */,
				1DB9AE2F2A125B1800A38D90 /* Assets.xcassets */,
				1DB9AE312A125B1800A38D90 /* LaunchScreen.storyboard */,
				1DB9AE342A125B1800A38D90 /* Info.plist */,
				1D763C422A14FFF000332027 /* Router.swift */,
			);
			path = "Modular-Dependency";
			sourceTree = "<group>";
		};
		1DB9AE412A125EFA00A38D90 /* Modules */ = {
			isa = PBXGroup;
			children = (
				1D763C3F2A14FB4F00332027 /* LoginModule */,
				1DB9AE482A125FC300A38D90 /* HomeModule */,
				1DB9AE472A125FBF00A38D90 /* CommonModule */,
			);
			path = Modules;
			sourceTree = "<group>";
		};
		1DB9AE4B2A12625B00A38D90 /* Frameworks */ = {
			isa = PBXGroup;
			children = (
			);
			name = Frameworks;
			sourceTree = "<group>";
		};
		1DE7FC512BCFD6CA008F0448 /* Shared */ = {
			isa = PBXGroup;
			children = (
				1DE7FC522BCFD6CA008F0448 /* UtilityModule */,
			);
			path = Shared;
			sourceTree = "<group>";
		};
/* End PBXGroup section */

/* Begin PBXNativeTarget section */
		1DB9AE222A125B1600A38D90 /* Modular-Dependency */ = {
			isa = PBXNativeTarget;
			buildConfigurationList = 1DB9AE372A125B1800A38D90 /* Build configuration list for PBXNativeTarget "Modular-Dependency" */;
			buildPhases = (
				1DB9AE1F2A125B1600A38D90 /* Sources */,
				1DB9AE202A125B1600A38D90 /* Frameworks */,
				1DB9AE212A125B1600A38D90 /* Resources */,
			);
			buildRules = (
			);
			dependencies = (
			);
			name = "Modular-Dependency";
			packageProductDependencies = (
				1DB9AE442A125F5100A38D90 /* Swinject */,
				1DB9AE4E2A126FB300A38D90 /* HomeModule */,
				1D763C402A14FF5400332027 /* LoginModule */,
				1D763C442A1500B000332027 /* CommonModule */,
			);
			productName = "Modular-Dependency";
			productReference = 1DB9AE232A125B1600A38D90 /* Modular-Dependency.app */;
			productType = "com.apple.product-type.application";
		};
/* End PBXNativeTarget section */

/* Begin PBXProject section */
		1DB9AE1B2A125B1600A38D90 /* Project object */ = {
			isa = PBXProject;
			attributes = {
				BuildIndependentTargetsInParallel = 1;
				LastSwiftUpdateCheck = 1420;
				LastUpgradeCheck = 1420;
				TargetAttributes = {
					1DB9AE222A125B1600A38D90 = {
						CreatedOnToolsVersion = 14.2;
					};
				};
			};
			buildConfigurationList = 1DB9AE1E2A125B1600A38D90 /* Build configuration list for PBXProject "Modular-Dependency" */;
			compatibilityVersion = "Xcode 14.0";
			developmentRegion = en;
			hasScannedForEncodings = 0;
			knownRegions = (
				en,
				Base,
			);
			mainGroup = 1DB9AE1A2A125B1600A38D90;
			packageReferences = (
				1DB9AE432A125F5100A38D90 /* XCRemoteSwiftPackageReference "Swinject" */,
			);
			productRefGroup = 1DB9AE242A125B1600A38D90 /* Products */;
			projectDirPath = "";
			projectRoot = "";
			targets = (
				1DB9AE222A125B1600A38D90 /* Modular-Dependency */,
			);
		};
/* End PBXProject section */

/* Begin PBXResourcesBuildPhase section */
		1DB9AE212A125B1600A38D90 /* Resources */ = {
			isa = PBXResourcesBuildPhase;
			buildActionMask = 2147483647;
			files = (
				1DB9AE332A125B1800A38D90 /* LaunchScreen.storyboard in Resources */,
				1DB9AE302A125B1800A38D90 /* Assets.xcassets in Resources */,
				1DE7FC532BCFD6CA008F0448 /* UtilityModule in Resources */,
			);
			runOnlyForDeploymentPostprocessing = 0;
		};
/* End PBXResourcesBuildPhase section */

/* Begin PBXSourcesBuildPhase section */
		1DB9AE1F2A125B1600A38D90 /* Sources */ = {
			isa = PBXSourcesBuildPhase;
			buildActionMask = 2147483647;
			files = (
				1D763C432A14FFF000332027 /* Router.swift in Sources */,
				1DB9AE272A125B1600A38D90 /* AppDelegate.swift in Sources */,
			);
			runOnlyForDeploymentPostprocessing = 0;
		};
/* End PBXSourcesBuildPhase section */

/* Begin PBXVariantGroup section */
		1DB9AE312A125B1800A38D90 /* LaunchScreen.storyboard */ = {
			isa = PBXVariantGroup;
			children = (
				1DB9AE322A125B1800A38D90 /* Base */,
			);
			name = LaunchScreen.storyboard;
			sourceTree = "<group>";
		};
/* End PBXVariantGroup section */

/* Begin XCBuildConfiguration section */
		1DB9AE352A125B1800A38D90 /* Debug */ = {
			isa = XCBuildConfiguration;
			buildSettings = {
				ALWAYS_SEARCH_USER_PATHS = NO;
				CLANG_ANALYZER_NONNULL = YES;
				CLANG_ANALYZER_NUMBER_OBJECT_CONVERSION = YES_AGGRESSIVE;
				CLANG_CXX_LANGUAGE_STANDARD = "gnu++20";
				CLANG_ENABLE_MODULES = YES;
				CLANG_ENABLE_OBJC_ARC = YES;
				CLANG_ENABLE_OBJC_WEAK = YES;
				CLANG_WARN_BLOCK_CAPTURE_AUTORELEASING = YES;
				CLANG_WARN_BOOL_CONVERSION = YES;
				CLANG_WARN_COMMA = YES;
				CLANG_WARN_CONSTANT_CONVERSION = YES;
				CLANG_WARN_DEPRECATED_OBJC_IMPLEMENTATIONS = YES;
				CLANG_WARN_DIRECT_OBJC_ISA_USAGE = YES_ERROR;
				CLANG_WARN_DOCUMENTATION_COMMENTS = YES;
				CLANG_WARN_EMPTY_BODY = YES;
				CLANG_WARN_ENUM_CONVERSION = YES;
				CLANG_WARN_INFINITE_RECURSION = YES;
				CLANG_WARN_INT_CONVERSION = YES;
				CLANG_WARN_NON_LITERAL_NULL_CONVERSION = YES;
				CLANG_WARN_OBJC_IMPLICIT_RETAIN_SELF = YES;
				CLANG_WARN_OBJC_LITERAL_CONVERSION = YES;
				CLANG_WARN_OBJC_ROOT_CLASS = YES_ERROR;
				CLANG_WARN_QUOTED_INCLUDE_IN_FRAMEWORK_HEADER = YES;
				CLANG_WARN_RANGE_LOOP_ANALYSIS = YES;
				CLANG_WARN_STRICT_PROTOTYPES = YES;
				CLANG_WARN_SUSPICIOUS_MOVE = YES;
				CLANG_WARN_UNGUARDED_AVAILABILITY = YES_AGGRESSIVE;
				CLANG_WARN_UNREACHABLE_CODE = YES;
				CLANG_WARN__DUPLICATE_METHOD_MATCH = YES;
				COPY_PHASE_STRIP = NO;
				DEBUG_INFORMATION_FORMAT = dwarf;
				ENABLE_STRICT_OBJC_MSGSEND = YES;
				ENABLE_TESTABILITY = YES;
				GCC_C_LANGUAGE_STANDARD = gnu11;
				GCC_DYNAMIC_NO_PIC = NO;
				GCC_NO_COMMON_BLOCKS = YES;
				GCC_OPTIMIZATION_LEVEL = 0;
				GCC_PREPROCESSOR_DEFINITIONS = (
					"DEBUG=1",
					"$(inherited)",
				);
				GCC_WARN_64_TO_32_BIT_CONVERSION = YES;
				GCC_WARN_ABOUT_RETURN_TYPE = YES_ERROR;
				GCC_WARN_UNDECLARED_SELECTOR = YES;
				GCC_WARN_UNINITIALIZED_AUTOS = YES_AGGRESSIVE;
				GCC_WARN_UNUSED_FUNCTION = YES;
				GCC_WARN_UNUSED_VARIABLE = YES;
				IPHONEOS_DEPLOYMENT_TARGET = 16.2;
				MTL_ENABLE_DEBUG_INFO = INCLUDE_SOURCE;
				MTL_FAST_MATH = YES;
				ONLY_ACTIVE_ARCH = YES;
				SDKROOT = iphoneos;
				SWIFT_ACTIVE_COMPILATION_CONDITIONS = DEBUG;
				SWIFT_OPTIMIZATION_LEVEL = "-Onone";
			};
			name = Debug;
		};
		1DB9AE362A125B1800A38D90 /* Release */ = {
			isa = XCBuildConfiguration;
			buildSettings = {
				ALWAYS_SEARCH_USER_PATHS = NO;
				CLANG_ANALYZER_NONNULL = YES;
				CLANG_ANALYZER_NUMBER_OBJECT_CONVERSION = YES_AGGRESSIVE;
				CLANG_CXX_LANGUAGE_STANDARD = "gnu++20";
				CLANG_ENABLE_MODULES = YES;
				CLANG_ENABLE_OBJC_ARC = YES;
				CLANG_ENABLE_OBJC_WEAK = YES;
				CLANG_WARN_BLOCK_CAPTURE_AUTORELEASING = YES;
				CLANG_WARN_BOOL_CONVERSION = YES;
				CLANG_WARN_COMMA = YES;
				CLANG_WARN_CONSTANT_CONVERSION = YES;
				CLANG_WARN_DEPRECATED_OBJC_IMPLEMENTATIONS = YES;
				CLANG_WARN_DIRECT_OBJC_ISA_USAGE = YES_ERROR;
				CLANG_WARN_DOCUMENTATION_COMMENTS = YES;
				CLANG_WARN_EMPTY_BODY = YES;
				CLANG_WARN_ENUM_CONVERSION = YES;
				CLANG_WARN_INFINITE_RECURSION = YES;
				CLANG_WARN_INT_CONVERSION = YES;
				CLANG_WARN_NON_LITERAL_NULL_CONVERSION = YES;
				CLANG_WARN_OBJC_IMPLICIT_RETAIN_SELF = YES;
				CLANG_WARN_OBJC_LITERAL_CONVERSION = YES;
				CLANG_WARN_OBJC_ROOT_CLASS = YES_ERROR;
				CLANG_WARN_QUOTED_INCLUDE_IN_FRAMEWORK_HEADER = YES;
				CLANG_WARN_RANGE_LOOP_ANALYSIS = YES;
				CLANG_WARN_STRICT_PROTOTYPES = YES;
				CLANG_WARN_SUSPICIOUS_MOVE = YES;
				CLANG_WARN_UNGUARDED_AVAILABILITY = YES_AGGRESSIVE;
				CLANG_WARN_UNREACHABLE_CODE = YES;
				CLANG_WARN__DUPLICATE_METHOD_MATCH = YES;
				COPY_PHASE_STRIP = NO;
				DEBUG_INFORMATION_FORMAT = "dwarf-with-dsym";
				ENABLE_NS_ASSERTIONS = NO;
				ENABLE_STRICT_OBJC_MSGSEND = YES;
				GCC_C_LANGUAGE_STANDARD = gnu11;
				GCC_NO_COMMON_BLOCKS = YES;
				GCC_WARN_64_TO_32_BIT_CONVERSION = YES;
				GCC_WARN_ABOUT_RETURN_TYPE = YES_ERROR;
				GCC_WARN_UNDECLARED_SELECTOR = YES;
				GCC_WARN_UNINITIALIZED_AUTOS = YES_AGGRESSIVE;
				GCC_WARN_UNUSED_FUNCTION = YES;
				GCC_WARN_UNUSED_VARIABLE = YES;
				IPHONEOS_DEPLOYMENT_TARGET = 16.2;
				MTL_ENABLE_DEBUG_INFO = NO;
				MTL_FAST_MATH = YES;
				SDKROOT = iphoneos;
				SWIFT_COMPILATION_MODE = wholemodule;
				SWIFT_OPTIMIZATION_LEVEL = "-O";
				VALIDATE_PRODUCT = YES;
			};
			name = Release;
		};
		1DB9AE382A125B1800A38D90 /* Debug */ = {
			isa = XCBuildConfiguration;
			buildSettings = {
				ASSETCATALOG_COMPILER_APPICON_NAME = AppIcon;
				ASSETCATALOG_COMPILER_GLOBAL_ACCENT_COLOR_NAME = AccentColor;
				CODE_SIGN_STYLE = Automatic;
				CURRENT_PROJECT_VERSION = 1;
				DEVELOPMENT_TEAM = Q28L7TLQ68;
				GENERATE_INFOPLIST_FILE = YES;
				INFOPLIST_FILE = "Modular-Dependency/Info.plist";
				INFOPLIST_KEY_UIApplicationSupportsIndirectInputEvents = YES;
				INFOPLIST_KEY_UILaunchStoryboardName = LaunchScreen.storyboard;
				INFOPLIST_KEY_UISupportedInterfaceOrientations_iPad = "UIInterfaceOrientationPortrait UIInterfaceOrientationPortraitUpsideDown UIInterfaceOrientationLandscapeLeft UIInterfaceOrientationLandscapeRight";
				INFOPLIST_KEY_UISupportedInterfaceOrientations_iPhone = "UIInterfaceOrientationPortrait UIInterfaceOrientationLandscapeLeft UIInterfaceOrientationLandscapeRight";
				LD_RUNPATH_SEARCH_PATHS = (
					"$(inherited)",
					"@executable_path/Frameworks",
				);
				MARKETING_VERSION = 1.0;
				PRODUCT_BUNDLE_IDENTIFIER = "com.Modular-Dependency";
				PRODUCT_NAME = "$(TARGET_NAME)";
				SWIFT_EMIT_LOC_STRINGS = YES;
				SWIFT_VERSION = 5.0;
				TARGETED_DEVICE_FAMILY = "1,2";
			};
			name = Debug;
		};
		1DB9AE392A125B1800A38D90 /* Release */ = {
			isa = XCBuildConfiguration;
			buildSettings = {
				ASSETCATALOG_COMPILER_APPICON_NAME = AppIcon;
				ASSETCATALOG_COMPILER_GLOBAL_ACCENT_COLOR_NAME = AccentColor;
				CODE_SIGN_STYLE = Automatic;
				CURRENT_PROJECT_VERSION = 1;
				DEVELOPMENT_TEAM = Q28L7TLQ68;
				GENERATE_INFOPLIST_FILE = YES;
				INFOPLIST_FILE = "Modular-Dependency/Info.plist";
				INFOPLIST_KEY_UIApplicationSupportsIndirectInputEvents = YES;
				INFOPLIST_KEY_UILaunchStoryboardName = LaunchScreen.storyboard;
				INFOPLIST_KEY_UISupportedInterfaceOrientations_iPad = "UIInterfaceOrientationPortrait UIInterfaceOrientationPortraitUpsideDown UIInterfaceOrientationLandscapeLeft UIInterfaceOrientationLandscapeRight";
				INFOPLIST_KEY_UISupportedInterfaceOrientations_iPhone = "UIInterfaceOrientationPortrait UIInterfaceOrientationLandscapeLeft UIInterfaceOrientationLandscapeRight";
				LD_RUNPATH_SEARCH_PATHS = (
					"$(inherited)",
					"@executable_path/Frameworks",
				);
				MARKETING_VERSION = 1.0;
				PRODUCT_BUNDLE_IDENTIFIER = "com.Modular-Dependency";
				PRODUCT_NAME = "$(TARGET_NAME)";
				SWIFT_EMIT_LOC_STRINGS = YES;
				SWIFT_VERSION = 5.0;
				TARGETED_DEVICE_FAMILY = "1,2";
			};
			name = Release;
		};
/* End XCBuildConfiguration section */

/* Begin XCConfigurationList section */
		1DB9AE1E2A125B1600A38D90 /* Build configuration list for PBXProject "Modular-Dependency" */ = {
			isa = XCConfigurationList;
			buildConfigurations = (
				1DB9AE352A125B1800A38D90 /* Debug */,
				1DB9AE362A125B1800A38D90 /* Release */,
			);
			defaultConfigurationIsVisible = 0;
			defaultConfigurationName = Release;
		};
		1DB9AE372A125B1800A38D90 /* Build configuration list for PBXNativeTarget "Modular-Dependency" */ = {
			isa = XCConfigurationList;
			buildConfigurations = (
				1DB9AE382A125B1800A38D90 /* Debug */,
				1DB9AE392A125B1800A38D90 /* Release */,
			);
			defaultConfigurationIsVisible = 0;
			defaultConfigurationName = Release;
		};
/* End XCConfigurationList section */

/* Begin XCRemoteSwiftPackageReference section */
		1DB9AE432A125F5100A38D90 /* XCRemoteSwiftPackageReference "Swinject" */ = {
			isa = XCRemoteSwiftPackageReference;
			repositoryURL = "https://github.com/Swinject/Swinject";
			requirement = {
				kind = exactVersion;
				version = 2.8.3;
			};
		};
/* End XCRemoteSwiftPackageReference section */

/* Begin XCSwiftPackageProductDependency section */
		1D763C402A14FF5400332027 /* LoginModule */ = {
			isa = XCSwiftPackageProductDependency;
			productName = LoginModule;
		};
		1D763C442A1500B000332027 /* CommonModule */ = {
			isa = XCSwiftPackageProductDependency;
			productName = CommonModule;
		};
		1DB9AE442A125F5100A38D90 /* Swinject */ = {
			isa = XCSwiftPackageProductDependency;
			package = 1DB9AE432A125F5100A38D90 /* XCRemoteSwiftPackageReference "Swinject" */;
			productName = Swinject;
		};
		1DB9AE4E2A126FB300A38D90 /* HomeModule */ = {
			isa = XCSwiftPackageProductDependency;
			productName = HomeModule;
		};
/* End XCSwiftPackageProductDependency section */
	};
	rootObject = 1DB9AE1B2A125B1600A38D90 /* Project object */;
}
